
Microsoft Visual Studio Solution File, Format Version 12.00
# Visual Studio Version 16
VisualStudioVersion = 16.0.30406.217
MinimumVisualStudioVersion = 10.0.40219.1
Project("{9A19103F-16F7-4668-BE54-9A1E7A4F7556}") = "PaymentsAPI", "PaymentsAPI\PaymentsAPI.csproj", "{E8A7400E-3805-47A4-A9F3-F5C58D47C498}"
EndProject
Project("{9A19103F-16F7-4668-BE54-9A1E7A4F7556}") = "Consumer", "Consumer\Consumer.csproj", "{F1977918-5A43-4D54-9DFA-12700C15F6A7}"
EndProject
Project("{2150E333-8FDC-42A3-9474-1A3956D46DE8}") = "Solution Items", "Solution Items", "{1AD3B575-B956-4059-B4D9-F6763E724E98}"
EndProject
Project("{E53339B2-1760-4266-BCC7-CA923CBCF16C}") = "docker-compose", "docker-compose.dcproj", "{F4A22A3F-F56F-47F8-9F7D-DCC430663F45}"
EndProject
Global
	GlobalSection(SolutionConfigurationPlatforms) = preSolution
		Debug|Any CPU = Debug|Any CPU
		Release|Any CPU = Release|Any CPU
	EndGlobalSection
	GlobalSection(ProjectConfigurationPlatforms) = postSolution
		{E8A7400E-3805-47A4-A9F3-F5C58D47C498}.Debug|Any CPU.ActiveCfg = Debug|Any CPU
		{E8A7400E-3805-47A4-A9F3-F5C58D47C498}.Debug|Any CPU.Build.0 = Debug|Any CPU
		{E8A7400E-3805-47A4-A9F3-F5C58D47C498}.Release|Any CPU.ActiveCfg = Release|Any CPU
		{E8A7400E-3805-47A4-A9F3-F5C58D47C498}.Release|Any CPU.Build.0 = Release|Any CPU
		{F1977918-5A43-4D54-9DFA-12700C15F6A7}.Debug|Any CPU.ActiveCfg = Debug|Any CPU
		{F1977918-5A43-4D54-9DFA-12700C15F6A7}.Debug|Any CPU.Build.0 = Debug|Any CPU
		{F1977918-5A43-4D54-9DFA-12700C15F6A7}.Release|Any CPU.ActiveCfg = Release|Any CPU
		{F1977918-5A43-4D54-9DFA-12700C15F6A7}.Release|Any CPU.Build.0 = Release|Any CPU
		{F4A22A3F-F56F-47F8-9F7D-DCC430663F45}.Debug|Any CPU.ActiveCfg = Debug|Any CPU
		{F4A22A3F-F56F-47F8-9F7D-DCC430663F45}.Debug|Any CPU.Build.0 = Debug|Any CPU
		{F4A22A3F-F56F-47F8-9F7D-DCC430663F45}.Release|Any CPU.ActiveCfg = Release|Any CPU
		{F4A22A3F-F56F-47F8-9F7D-DCC430663F45}.Release|Any CPU.Build.0 = Release|Any CPU
	EndGlobalSection
	GlobalSection(SolutionProperties) = preSolution
		HideSolutionNode = FALSE
	EndGlobalSection
	GlobalSection(ExtensibilityGlobals) = postSolution
		SolutionGuid = {A5786FEE-C0B9-4965-808B-7B5DB156884F}
	EndGlobalSection
EndGlobal
